# Run ./gradlew --write-locks to regenerate this file
ch.qos.logback:logback-classic:1.2.3 (1 constraints: 4b16a3e8)
ch.qos.logback:logback-core:1.2.3 (1 constraints: 070dff1c)
com.baulsupp:oksocial-output:4.28.0 (1 constraints: 4005573b)
com.fasterxml.jackson.core:jackson-annotations:2.9.0 (3 constraints: e13d81a2)
com.fasterxml.jackson.core:jackson-core:2.9.9 (6 constraints: 8b86e0ab)
com.fasterxml.jackson.core:jackson-databind:2.9.9 (6 constraints: 4b7c7cc7)
com.fasterxml.jackson.dataformat:jackson-dataformat-cbor:2.9.9 (3 constraints: 7228bf35)
com.fasterxml.jackson.dataformat:jackson-dataformat-yaml:2.9.9 (2 constraints: 06127100)
com.fasterxml.jackson.datatype:jackson-datatype-jdk8:2.9.9 (3 constraints: 31274ab7)
com.fasterxml.jackson.datatype:jackson-datatype-jsr310:2.9.9 (3 constraints: 31274ab7)
com.fasterxml.jackson.module:jackson-module-kotlin:2.9.9 (1 constraints: 16051936)
com.fasterxml.jackson.module:jackson-module-parameter-names:2.9.9 (3 constraints: 31274ab7)
com.google.code.findbugs:jsr305:3.0.2 (1 constraints: 170aecb4)
com.google.errorprone:error_prone_annotations:2.2.0 (1 constraints: 160aebb4)
com.google.guava:failureaccess:1.0.1 (1 constraints: 140ae1b4)
com.google.guava:guava:27.1-jre (1 constraints: 4c06be47)
com.google.guava:listenablefuture:9999.0-empty-to-avoid-conflict-with-guava (1 constraints: bd17c918)
com.google.j2objc:j2objc-annotations:1.1 (1 constraints: b609eba0)
com.jakewharton.byteunits:byteunits:0.9.1 (2 constraints: b8124bef)
com.kitfox.svg:svg-salamander:1.0 (2 constraints: 5112e2d6)
com.squareup.okio:okio:2.2.2 (2 constraints: b412b1ee)
commons-io:commons-io:1.4 (1 constraints: c10b1cde)
info.picocli:picocli:4.0.0-beta-1b (1 constraints: 8f07b669)
io.netty:netty-buffer:4.1.36.Final (10 constraints: 6a93fad7)
io.netty:netty-codec:4.1.36.Final (5 constraints: 4c452c79)
io.netty:netty-codec-http:4.1.36.Final (3 constraints: b62ffd30)
io.netty:netty-codec-http2:4.1.36.Final (1 constraints: c8126e21)
io.netty:netty-codec-socks:4.1.36.Final (1 constraints: 100f896c)
io.netty:netty-common:4.1.36.Final (11 constraints: e19f904a)
io.netty:netty-handler:4.1.36.Final (3 constraints: 542efb8c)
io.netty:netty-handler-proxy:4.1.36.Final (1 constraints: c8126e21)
io.netty:netty-resolver:4.1.36.Final (1 constraints: b00d702e)
io.netty:netty-transport:4.1.36.Final (8 constraints: c278546d)
io.netty:netty-transport-native-epoll:4.1.36.Final (1 constraints: c8126e21)
io.netty:netty-transport-native-unix-common:4.1.36.Final (1 constraints: ad12d61e)
io.projectreactor:reactor-core:3.3.0.M2 (3 constraints: 1c355f86)
io.projectreactor.kotlin:reactor-kotlin-extensions:1.0.0.M1 (1 constraints: af054e46)
io.projectreactor.netty:reactor-netty:0.9.0.M2 (2 constraints: ec2ab68c)
io.rsocket:rsocket-core:0.12.2-RC4 (4 constraints: 6d3e9a92)
io.rsocket:rsocket-transport-local:0.12.2-RC4 (1 constraints: 2d066b52)
io.rsocket:rsocket-transport-netty:0.12.2-RC4 (2 constraints: b01dc746)
jakarta.annotation:jakarta.annotation-api:1.3.4 (1 constraints: 39131033)
javax.activation:activation:1.1.1 (2 constraints: b1123cee)
org.apache.logging.log4j:log4j-api:2.11.2 (1 constraints: 03108db9)
org.apache.logging.log4j:log4j-to-slf4j:2.11.2 (1 constraints: 7b1621ff)
org.checkerframework:checker-qual:2.5.2 (1 constraints: 1b0af6b4)
org.codehaus.mojo:animal-sniffer-annotations:1.17 (1 constraints: ed09d8aa)
org.eclipse.jetty:jetty-alpn-client:9.4.19.v20190610 (1 constraints: c7115d3a)
org.eclipse.jetty:jetty-client:9.4.19.v20190610 (1 constraints: ce1741ae)
org.eclipse.jetty:jetty-http:9.4.19.v20190610 (2 constraints: 3321ac58)
org.eclipse.jetty:jetty-io:9.4.19.v20190610 (4 constraints: 1442be03)
org.eclipse.jetty:jetty-util:9.4.19.v20190610 (3 constraints: b12e724f)
org.eclipse.jetty.http2:http2-client:9.4.19.v20190610 (1 constraints: ce1741ae)
org.eclipse.jetty.http2:http2-common:9.4.19.v20190610 (1 constraints: c7115d3a)
org.eclipse.jetty.http2:http2-hpack:9.4.19.v20190610 (1 constraints: d111583b)
org.eclipse.jetty.http2:http2-http-client-transport:9.4.19.v20190610 (1 constraints: 8007517d)
org.glassfish:jakarta.el:3.0.2 (1 constraints: b4182c82)
org.jetbrains:annotations:13.0 (1 constraints: df0e795c)
org.jetbrains.kotlin:kotlin-reflect:1.3.31 (3 constraints: bc275e28)
org.jetbrains.kotlin:kotlin-stdlib:1.3.31 (8 constraints: d38df14d)
org.jetbrains.kotlin:kotlin-stdlib-common:1.3.31 (2 constraints: 1023091c)
org.jetbrains.kotlin:kotlin-stdlib-jdk7:1.3.31 (1 constraints: df10ecd2)
org.jetbrains.kotlin:kotlin-stdlib-jdk8:1.3.31 (2 constraints: 4e12f41c)
org.jetbrains.kotlinx:kotlinx-coroutines-core:1.3.0-M1 (5 constraints: e852605a)
org.jetbrains.kotlinx:kotlinx-coroutines-jdk8:1.3.0-M1 (1 constraints: b1055d46)
org.jetbrains.kotlinx:kotlinx-coroutines-reactive:1.3.0-M1 (2 constraints: 3e1b2b66)
org.jetbrains.kotlinx:kotlinx-coroutines-reactor:1.3.0-M1 (1 constraints: b1055d46)
org.jfree:jfreesvg:3.3 (2 constraints: 56129fd7)
org.reactivestreams:reactive-streams:1.0.2 (2 constraints: cc22d3de)
org.slf4j:jul-to-slf4j:1.8.0-beta4 (1 constraints: 851636ff)
org.slf4j:slf4j-api:1.8.0-beta4 (8 constraints: b36091f1)
org.slf4j:slf4j-jdk14:1.8.0-beta4 (1 constraints: 0807285b)
org.springframework:spring-aop:5.2.0.M3 (1 constraints: 231069a5)
org.springframework:spring-beans:5.2.0.M3 (4 constraints: b63d7939)
org.springframework:spring-context:5.2.0.M3 (1 constraints: b410ebc6)
org.springframework:spring-core:5.2.0.M3 (8 constraints: e1826527)
org.springframework:spring-expression:5.2.0.M3 (1 constraints: 231069a5)
org.springframework:spring-jcl:5.2.0.M3 (1 constraints: c70eed6c)
org.springframework:spring-messaging:5.2.0.M3 (1 constraints: 0e17492e)
org.springframework:spring-web:5.2.0.M3 (1 constraints: cd1520e2)
org.springframework.boot:spring-boot:2.2.0.M4 (2 constraints: 3d2a254f)
org.springframework.boot:spring-boot-autoconfigure:2.2.0.M4 (1 constraints: e413056e)
org.springframework.boot:spring-boot-starter:2.2.0.M4 (2 constraints: d62c1583)
org.springframework.boot:spring-boot-starter-json:2.2.0.M4 (1 constraints: 0c17322e)
org.springframework.boot:spring-boot-starter-logging:2.2.0.M4 (1 constraints: e413056e)
org.springframework.boot:spring-boot-starter-reactor-netty:2.2.0.M4 (1 constraints: 0c17322e)
org.springframework.boot:spring-boot-starter-rsocket:2.2.0.M4 (1 constraints: b5056546)
org.yaml:snakeyaml:1.24 (2 constraints: 772a400a)
org.zeroturnaround:zt-exec:1.10 (2 constraints: 82129de2)
